
Microsoft Visual Studio Solution File, Format Version 11.00
# Visual Studio 2010
Project("{FAE04EC0-301F-11D3-BF4B-00C04F79EFBC}") = "ModuleManager", "ModuleManager\ModuleManager.csproj", "{02C8E3AF-69F9-4102-AB60-DD6DE60662D3}"
EndProject
Global
	GlobalSection(SolutionConfigurationPlatforms) = preSolution
		Debug|Any CPU = Debug|Any CPU
		Release|Any CPU = Release|Any CPU
	EndGlobalSection
	GlobalSection(ProjectConfigurationPlatforms) = postSolution
		{02C8E3AF-69F9-4102-AB60-DD6DE60662D3}.Debug|Any CPU.ActiveCfg = Debug|Any CPU
		{02C8E3AF-69F9-4102-AB60-DD6DE60662D3}.Debug|Any CPU.Build.0 = Debug|Any CPU
		{02C8E3AF-69F9-4102-AB60-DD6DE60662D3}.Release|Any CPU.ActiveCfg = Release|Any CPU
		{02C8E3AF-69F9-4102-AB60-DD6DE60662D3}.Release|Any CPU.Build.0 = Release|Any CPU
	EndGlobalSection
	GlobalSection(MonoDevelopProperties) = preSolution
		StartupItem = ModuleManager.csproj
		outputpath = ..\..\Plugins
	EndGlobalSection
EndGlobal
